{
    "_readme": [
        "This file locks the dependencies of your project to a known state",
        "Read more about it at https://getcomposer.org/doc/01-basic-usage.md#installing-dependencies",
        "This file is @generated automatically"
    ],
    "content-hash": "fafa47415d9a1bdaf12cc95106930f90",
    "packages": [
        {
            "name": "wa/utilities",
            "version": "dev-main",
            "source": {
                "type": "git",
                "url": "https://github.com/williamantony/Utilities.php.git",
                "reference": "63284b35e0307de0276c025f3b828e210a1d9dc3"
            },
            "dist": {
                "type": "zip",
                "url": "https://api.github.com/repos/williamantony/Utilities.php/zipball/63284b35e0307de0276c025f3b828e210a1d9dc3",
                "reference": "63284b35e0307de0276c025f3b828e210a1d9dc3",
                "shasum": ""
            },
            "default-branch": true,
            "type": "library",
            "autoload": {
                "psr-4": {
                    "WA\\Utilities\\": "src/"
                }
            },
            "notification-url": "https://packagist.org/downloads/",
            "license": [
                "MIT"
            ],
            "description": "A Simple Utilities Library for PHP",
            "support": {
                "issues": "https://github.com/williamantony/Utilities.php/issues",
                "source": "https://github.com/williamantony/Utilities.php/tree/main"
            },
            "time": "2021-04-26T16:35:08+00:00"
        }
    ],
    "packages-dev": [],
    "aliases": [],
    "minimum-stability": "dev",
    "stability-flags": {
        "wa/utilities": 20
    },
    "prefer-stable": false,
    "prefer-lowest": false,
    "platform": [],
    "platform-dev": [],
    "plugin-api-version": "2.0.0"
}
